
Microsoft Visual Studio Solution File, Format Version 12.00
# Visual Studio Version 17
VisualStudioVersion = 17.5.33424.131
MinimumVisualStudioVersion = 10.0.40219.1
Project("{9A19103F-16F7-4668-BE54-9A1E7A4F7556}") = "SnakeGame", "SnakeGame\SnakeGame.csproj", "{799C005A-FA85-4A8C-8CA5-E8B2DE254DC2}"
EndProject
Project("{9A19103F-16F7-4668-BE54-9A1E7A4F7556}") = "SnakeGame.Logic", "SnakeGame.Logic\SnakeGame.Logic.csproj", "{4CCE7854-0F4B-4EE1-8D59-342E46330799}"
EndProject
Project("{9A19103F-16F7-4668-BE54-9A1E7A4F7556}") = "SnakeGame.DAL.EF", "SnakeGame.DAL.EF\SnakeGame.DAL.EF.csproj", "{E69437DF-EA8F-4613-B1AB-47994D94B946}"
EndProject
Project("{9A19103F-16F7-4668-BE54-9A1E7A4F7556}") = "SnakeGame.Domain", "SnakeGame.Domain\SnakeGame.Domain.csproj", "{3BB4037E-C7B1-40EA-8567-8A0972499481}"
EndProject
Project("{FAE04EC0-301F-11D3-BF4B-00C04F79EFBC}") = "SnakeGame.PostgresMigrate", "SnakeGame.PostgresMigrate\SnakeGame.PostgresMigrate.csproj", "{FB172759-56F2-44FC-9C83-6E6B5B25E230}"
EndProject
Global
	GlobalSection(SolutionConfigurationPlatforms) = preSolution
		Debug|Any CPU = Debug|Any CPU
		Release|Any CPU = Release|Any CPU
	EndGlobalSection
	GlobalSection(ProjectConfigurationPlatforms) = postSolution
		{799C005A-FA85-4A8C-8CA5-E8B2DE254DC2}.Debug|Any CPU.ActiveCfg = Debug|Any CPU
		{799C005A-FA85-4A8C-8CA5-E8B2DE254DC2}.Debug|Any CPU.Build.0 = Debug|Any CPU
		{799C005A-FA85-4A8C-8CA5-E8B2DE254DC2}.Release|Any CPU.ActiveCfg = Release|Any CPU
		{799C005A-FA85-4A8C-8CA5-E8B2DE254DC2}.Release|Any CPU.Build.0 = Release|Any CPU
		{4CCE7854-0F4B-4EE1-8D59-342E46330799}.Debug|Any CPU.ActiveCfg = Debug|Any CPU
		{4CCE7854-0F4B-4EE1-8D59-342E46330799}.Debug|Any CPU.Build.0 = Debug|Any CPU
		{4CCE7854-0F4B-4EE1-8D59-342E46330799}.Release|Any CPU.ActiveCfg = Release|Any CPU
		{4CCE7854-0F4B-4EE1-8D59-342E46330799}.Release|Any CPU.Build.0 = Release|Any CPU
		{E69437DF-EA8F-4613-B1AB-47994D94B946}.Debug|Any CPU.ActiveCfg = Debug|Any CPU
		{E69437DF-EA8F-4613-B1AB-47994D94B946}.Debug|Any CPU.Build.0 = Debug|Any CPU
		{E69437DF-EA8F-4613-B1AB-47994D94B946}.Release|Any CPU.ActiveCfg = Release|Any CPU
		{E69437DF-EA8F-4613-B1AB-47994D94B946}.Release|Any CPU.Build.0 = Release|Any CPU
		{3BB4037E-C7B1-40EA-8567-8A0972499481}.Debug|Any CPU.ActiveCfg = Debug|Any CPU
		{3BB4037E-C7B1-40EA-8567-8A0972499481}.Debug|Any CPU.Build.0 = Debug|Any CPU
		{3BB4037E-C7B1-40EA-8567-8A0972499481}.Release|Any CPU.ActiveCfg = Release|Any CPU
		{3BB4037E-C7B1-40EA-8567-8A0972499481}.Release|Any CPU.Build.0 = Release|Any CPU
		{FB172759-56F2-44FC-9C83-6E6B5B25E230}.Debug|Any CPU.ActiveCfg = Debug|Any CPU
		{FB172759-56F2-44FC-9C83-6E6B5B25E230}.Debug|Any CPU.Build.0 = Debug|Any CPU
		{FB172759-56F2-44FC-9C83-6E6B5B25E230}.Release|Any CPU.ActiveCfg = Release|Any CPU
		{FB172759-56F2-44FC-9C83-6E6B5B25E230}.Release|Any CPU.Build.0 = Release|Any CPU
	EndGlobalSection
	GlobalSection(SolutionProperties) = preSolution
		HideSolutionNode = FALSE
	EndGlobalSection
	GlobalSection(ExtensibilityGlobals) = postSolution
		SolutionGuid = {EFB8F16B-DEB2-4F4F-B737-1549F25F0476}
	EndGlobalSection
EndGlobal
